
Microsoft Visual Studio Solution File, Format Version 12.00
# Visual Studio Version 16
VisualStudioVersion = 16.0.31229.75
MinimumVisualStudioVersion = 10.0.40219.1
Project("{9A19103F-16F7-4668-BE54-9A1E7A4F7556}") = "Database", "Database\Database.csproj", "{A982C799-78D3-42D3-BD31-4238425FDFF2}"
EndProject
Project("{9A19103F-16F7-4668-BE54-9A1E7A4F7556}") = "Indexer.Core", "IndexingCore\Indexer.Core.csproj", "{8EFF47B6-6D53-45BE-B2C3-ADA99CA08DFA}"
EndProject
Project("{9A19103F-16F7-4668-BE54-9A1E7A4F7556}") = "Indexer", "Indexer\Indexer.csproj", "{0F87E3C4-E03A-46AE-AE2E-7314DBF8C958}"
EndProject
Project("{9A19103F-16F7-4668-BE54-9A1E7A4F7556}") = "Monitor", "Monitor\Monitor.csproj", "{68869EBF-D9D7-4246-ADB2-6EF015D77B42}"
EndProject
Project("{9A19103F-16F7-4668-BE54-9A1E7A4F7556}") = "Badaboom.Backend", "Badaboom.Backend\Badaboom.Backend.csproj", "{79EFB626-FD58-43E3-BE2C-75FE806DAAAE}"
EndProject
Project("{9A19103F-16F7-4668-BE54-9A1E7A4F7556}") = "Badaboom.Backend.Infrastructure", "Badaboom.Backend.Infrastructure\Badaboom.Backend.Infrastructure.csproj", "{6BBA62E0-CB5D-4D9B-A59C-1FF900D4B4DE}"
EndProject
Project("{9A19103F-16F7-4668-BE54-9A1E7A4F7556}") = "Badaboom.Client", "Badaboom.Client\Badaboom.Client.csproj", "{220117E1-364A-47FA-997B-EE2443B4279E}"
EndProject
Project("{9A19103F-16F7-4668-BE54-9A1E7A4F7556}") = "Badaboom.Core", "Badaboom.Core\Badaboom.Core.csproj", "{7BF1D252-8DD7-4E42-8370-E2AC457A78F3}"
EndProject
Global
	GlobalSection(SolutionConfigurationPlatforms) = preSolution
		Debug|Any CPU = Debug|Any CPU
		Release|Any CPU = Release|Any CPU
	EndGlobalSection
	GlobalSection(ProjectConfigurationPlatforms) = postSolution
		{A982C799-78D3-42D3-BD31-4238425FDFF2}.Debug|Any CPU.ActiveCfg = Debug|Any CPU
		{A982C799-78D3-42D3-BD31-4238425FDFF2}.Debug|Any CPU.Build.0 = Debug|Any CPU
		{A982C799-78D3-42D3-BD31-4238425FDFF2}.Release|Any CPU.ActiveCfg = Release|Any CPU
		{A982C799-78D3-42D3-BD31-4238425FDFF2}.Release|Any CPU.Build.0 = Release|Any CPU
		{8EFF47B6-6D53-45BE-B2C3-ADA99CA08DFA}.Debug|Any CPU.ActiveCfg = Debug|Any CPU
		{8EFF47B6-6D53-45BE-B2C3-ADA99CA08DFA}.Debug|Any CPU.Build.0 = Debug|Any CPU
		{8EFF47B6-6D53-45BE-B2C3-ADA99CA08DFA}.Release|Any CPU.ActiveCfg = Release|Any CPU
		{8EFF47B6-6D53-45BE-B2C3-ADA99CA08DFA}.Release|Any CPU.Build.0 = Release|Any CPU
		{0F87E3C4-E03A-46AE-AE2E-7314DBF8C958}.Debug|Any CPU.ActiveCfg = Debug|Any CPU
		{0F87E3C4-E03A-46AE-AE2E-7314DBF8C958}.Debug|Any CPU.Build.0 = Debug|Any CPU
		{0F87E3C4-E03A-46AE-AE2E-7314DBF8C958}.Release|Any CPU.ActiveCfg = Release|Any CPU
		{0F87E3C4-E03A-46AE-AE2E-7314DBF8C958}.Release|Any CPU.Build.0 = Release|Any CPU
		{68869EBF-D9D7-4246-ADB2-6EF015D77B42}.Debug|Any CPU.ActiveCfg = Debug|Any CPU
		{68869EBF-D9D7-4246-ADB2-6EF015D77B42}.Debug|Any CPU.Build.0 = Debug|Any CPU
		{68869EBF-D9D7-4246-ADB2-6EF015D77B42}.Release|Any CPU.ActiveCfg = Release|Any CPU
		{68869EBF-D9D7-4246-ADB2-6EF015D77B42}.Release|Any CPU.Build.0 = Release|Any CPU
		{79EFB626-FD58-43E3-BE2C-75FE806DAAAE}.Debug|Any CPU.ActiveCfg = Debug|Any CPU
		{79EFB626-FD58-43E3-BE2C-75FE806DAAAE}.Debug|Any CPU.Build.0 = Debug|Any CPU
		{79EFB626-FD58-43E3-BE2C-75FE806DAAAE}.Release|Any CPU.ActiveCfg = Release|Any CPU
		{79EFB626-FD58-43E3-BE2C-75FE806DAAAE}.Release|Any CPU.Build.0 = Release|Any CPU
		{6BBA62E0-CB5D-4D9B-A59C-1FF900D4B4DE}.Debug|Any CPU.ActiveCfg = Debug|Any CPU
		{6BBA62E0-CB5D-4D9B-A59C-1FF900D4B4DE}.Debug|Any CPU.Build.0 = Debug|Any CPU
		{6BBA62E0-CB5D-4D9B-A59C-1FF900D4B4DE}.Release|Any CPU.ActiveCfg = Release|Any CPU
		{6BBA62E0-CB5D-4D9B-A59C-1FF900D4B4DE}.Release|Any CPU.Build.0 = Release|Any CPU
		{220117E1-364A-47FA-997B-EE2443B4279E}.Debug|Any CPU.ActiveCfg = Debug|Any CPU
		{220117E1-364A-47FA-997B-EE2443B4279E}.Debug|Any CPU.Build.0 = Debug|Any CPU
		{220117E1-364A-47FA-997B-EE2443B4279E}.Release|Any CPU.ActiveCfg = Release|Any CPU
		{220117E1-364A-47FA-997B-EE2443B4279E}.Release|Any CPU.Build.0 = Release|Any CPU
		{7BF1D252-8DD7-4E42-8370-E2AC457A78F3}.Debug|Any CPU.ActiveCfg = Debug|Any CPU
		{7BF1D252-8DD7-4E42-8370-E2AC457A78F3}.Debug|Any CPU.Build.0 = Debug|Any CPU
		{7BF1D252-8DD7-4E42-8370-E2AC457A78F3}.Release|Any CPU.ActiveCfg = Release|Any CPU
		{7BF1D252-8DD7-4E42-8370-E2AC457A78F3}.Release|Any CPU.Build.0 = Release|Any CPU
	EndGlobalSection
	GlobalSection(SolutionProperties) = preSolution
		HideSolutionNode = FALSE
	EndGlobalSection
	GlobalSection(ExtensibilityGlobals) = postSolution
		SolutionGuid = {521EBCC3-0AFD-48FE-A18D-1707419ECAA9}
	EndGlobalSection
EndGlobal
