
Microsoft Visual Studio Solution File, Format Version 12.00
# Visual Studio Version 16
VisualStudioVersion = 16.0.31229.75
MinimumVisualStudioVersion = 10.0.40219.1
Project("{9A19103F-16F7-4668-BE54-9A1E7A4F7556}") = "Database", "Database\Database.csproj", "{A982C799-78D3-42D3-BD31-4238425FDFF2}"
EndProject
Project("{9A19103F-16F7-4668-BE54-9A1E7A4F7556}") = "Indexer.Core", "IndexingCore\Indexer.Core.csproj", "{8EFF47B6-6D53-45BE-B2C3-ADA99CA08DFA}"
EndProject
Project("{9A19103F-16F7-4668-BE54-9A1E7A4F7556}") = "Indexer", "Indexer\Indexer.csproj", "{0F87E3C4-E03A-46AE-AE2E-7314DBF8C958}"
EndProject
Project("{9A19103F-16F7-4668-BE54-9A1E7A4F7556}") = "Monitor", "Monitor\Monitor.csproj", "{68869EBF-D9D7-4246-ADB2-6EF015D77B42}"
EndProject
Project("{9A19103F-16F7-4668-BE54-9A1E7A4F7556}") = "Badaboom.Core", "BackendCore\Badaboom.Core.csproj", "{0F9963EC-418B-4C7E-8450-D434772B8370}"
EndProject
Project("{9A19103F-16F7-4668-BE54-9A1E7A4F7556}") = "Badaboom.Backend.Infrastructure", "Badaboom.Backend.Infostructure\Badaboom.Backend.Infrastructure.csproj", "{F1349EB9-6B83-47ED-B053-94293DA028C9}"
EndProject
Project("{9A19103F-16F7-4668-BE54-9A1E7A4F7556}") = "Badaboom.Backend", "Badaboom.Backend\Badaboom.Backend.csproj", "{79EFB626-FD58-43E3-BE2C-75FE806DAAAE}"
EndProject
Global
	GlobalSection(SolutionConfigurationPlatforms) = preSolution
		Debug|Any CPU = Debug|Any CPU
		Release|Any CPU = Release|Any CPU
	EndGlobalSection
	GlobalSection(ProjectConfigurationPlatforms) = postSolution
		{A982C799-78D3-42D3-BD31-4238425FDFF2}.Debug|Any CPU.ActiveCfg = Debug|Any CPU
		{A982C799-78D3-42D3-BD31-4238425FDFF2}.Debug|Any CPU.Build.0 = Debug|Any CPU
		{A982C799-78D3-42D3-BD31-4238425FDFF2}.Release|Any CPU.ActiveCfg = Release|Any CPU
		{A982C799-78D3-42D3-BD31-4238425FDFF2}.Release|Any CPU.Build.0 = Release|Any CPU
		{8EFF47B6-6D53-45BE-B2C3-ADA99CA08DFA}.Debug|Any CPU.ActiveCfg = Debug|Any CPU
		{8EFF47B6-6D53-45BE-B2C3-ADA99CA08DFA}.Debug|Any CPU.Build.0 = Debug|Any CPU
		{8EFF47B6-6D53-45BE-B2C3-ADA99CA08DFA}.Release|Any CPU.ActiveCfg = Release|Any CPU
		{8EFF47B6-6D53-45BE-B2C3-ADA99CA08DFA}.Release|Any CPU.Build.0 = Release|Any CPU
		{0F87E3C4-E03A-46AE-AE2E-7314DBF8C958}.Debug|Any CPU.ActiveCfg = Debug|Any CPU
		{0F87E3C4-E03A-46AE-AE2E-7314DBF8C958}.Debug|Any CPU.Build.0 = Debug|Any CPU
		{0F87E3C4-E03A-46AE-AE2E-7314DBF8C958}.Release|Any CPU.ActiveCfg = Release|Any CPU
		{0F87E3C4-E03A-46AE-AE2E-7314DBF8C958}.Release|Any CPU.Build.0 = Release|Any CPU
		{68869EBF-D9D7-4246-ADB2-6EF015D77B42}.Debug|Any CPU.ActiveCfg = Debug|Any CPU
		{68869EBF-D9D7-4246-ADB2-6EF015D77B42}.Debug|Any CPU.Build.0 = Debug|Any CPU
		{68869EBF-D9D7-4246-ADB2-6EF015D77B42}.Release|Any CPU.ActiveCfg = Release|Any CPU
		{68869EBF-D9D7-4246-ADB2-6EF015D77B42}.Release|Any CPU.Build.0 = Release|Any CPU
		{0F9963EC-418B-4C7E-8450-D434772B8370}.Debug|Any CPU.ActiveCfg = Debug|Any CPU
		{0F9963EC-418B-4C7E-8450-D434772B8370}.Debug|Any CPU.Build.0 = Debug|Any CPU
		{0F9963EC-418B-4C7E-8450-D434772B8370}.Release|Any CPU.ActiveCfg = Release|Any CPU
		{0F9963EC-418B-4C7E-8450-D434772B8370}.Release|Any CPU.Build.0 = Release|Any CPU
		{3ED57236-A4C1-4B68-B76D-216896824AF0}.Debug|Any CPU.ActiveCfg = Debug|Any CPU
		{3ED57236-A4C1-4B68-B76D-216896824AF0}.Debug|Any CPU.Build.0 = Debug|Any CPU
		{3ED57236-A4C1-4B68-B76D-216896824AF0}.Release|Any CPU.ActiveCfg = Release|Any CPU
		{3ED57236-A4C1-4B68-B76D-216896824AF0}.Release|Any CPU.Build.0 = Release|Any CPU
	EndGlobalSection
	GlobalSection(SolutionProperties) = preSolution
		HideSolutionNode = FALSE
	EndGlobalSection
	GlobalSection(ExtensibilityGlobals) = postSolution
		SolutionGuid = {521EBCC3-0AFD-48FE-A18D-1707419ECAA9}
	EndGlobalSection
EndGlobal
